
Microsoft Visual Studio Solution File, Format Version 12.00
# Visual Studio Version 17
VisualStudioVersion = 17.5.002.0
MinimumVisualStudioVersion = 10.0.40219.1
Project("{9A19103F-16F7-4668-BE54-9A1E7A4F7556}") = "MauiSample", "MauiSample.csproj", "{3F1ADC13-DD8B-498D-B835-6CCD9271F5EE}"
EndProject
Global
	GlobalSection(SolutionConfigurationPlatforms) = preSolution
		Debug|Any CPU = Debug|Any CPU
		Release|Any CPU = Release|Any CPU
	EndGlobalSection
	GlobalSection(ProjectConfigurationPlatforms) = postSolution
		{3F1ADC13-DD8B-498D-B835-6CCD9271F5EE}.Debug|Any CPU.ActiveCfg = Debug|Any CPU
		{3F1ADC13-DD8B-498D-B835-6CCD9271F5EE}.Debug|Any CPU.Build.0 = Debug|Any CPU
		{3F1ADC13-DD8B-498D-B835-6CCD9271F5EE}.Release|Any CPU.ActiveCfg = Release|Any CPU
		{3F1ADC13-DD8B-498D-B835-6CCD9271F5EE}.Release|Any CPU.Build.0 = Release|Any CPU
	EndGlobalSection
	GlobalSection(SolutionProperties) = preSolution
		HideSolutionNode = FALSE
	EndGlobalSection
	GlobalSection(ExtensibilityGlobals) = postSolution
		SolutionGuid = {9A595C26-83CD-4FE1-BBE9-E71AA565F57A}
	EndGlobalSection
EndGlobal
